
Microsoft Visual Studio Solution File, Format Version 12.00
# Visual Studio 15
VisualStudioVersion = 15.0.28307.779
MinimumVisualStudioVersion = 10.0.40219.1
Project("{FAE04EC0-301F-11D3-BF4B-00C04F79EFBC}") = "BITCollege_BC", "BITCollege_BC\BITCollege_BC.csproj", "{74CAD443-7F72-441D-A340-5F659C82BA9B}"
EndProject
Project("{FAE04EC0-301F-11D3-BF4B-00C04F79EFBC}") = "Utility", "Utility\Utility.csproj", "{1DFB919A-6DD3-4F37-A1C4-5DA42400C74D}"
EndProject
Project("{FAE04EC0-301F-11D3-BF4B-00C04F79EFBC}") = "BITCollegeSite", "BITCollegeSite\BITCollegeSite.csproj", "{ED06D538-A93A-4C1E-8CCE-024392DBD179}"
	ProjectSection(ProjectDependencies) = postProject
		{A2C55B67-29D4-4499-A8A7-56B6B751BBE0} = {A2C55B67-29D4-4499-A8A7-56B6B751BBE0}
	EndProjectSection
EndProject
Project("{FAE04EC0-301F-11D3-BF4B-00C04F79EFBC}") = "BITCollegeService", "BITCollegeService\BITCollegeService.csproj", "{A2C55B67-29D4-4499-A8A7-56B6B751BBE0}"
EndProject
Project("{FAE04EC0-301F-11D3-BF4B-00C04F79EFBC}") = "WindowsApplication", "WindowsApplication\WindowsApplication.csproj", "{E9A6F7C7-FB71-4907-9671-AD6FD3E2C473}"
	ProjectSection(ProjectDependencies) = postProject
		{A2C55B67-29D4-4499-A8A7-56B6B751BBE0} = {A2C55B67-29D4-4499-A8A7-56B6B751BBE0}
	EndProjectSection
EndProject
Project("{FAE04EC0-301F-11D3-BF4B-00C04F79EFBC}") = "MaskedLabel", "MaskedLabel\MaskedLabel.csproj", "{049F1B57-22DE-42E2-A648-B64B82BF6DF5}"
EndProject
Global
	GlobalSection(SolutionConfigurationPlatforms) = preSolution
		Debug|Any CPU = Debug|Any CPU
		Release|Any CPU = Release|Any CPU
	EndGlobalSection
	GlobalSection(ProjectConfigurationPlatforms) = postSolution
		{74CAD443-7F72-441D-A340-5F659C82BA9B}.Debug|Any CPU.ActiveCfg = Debug|Any CPU
		{74CAD443-7F72-441D-A340-5F659C82BA9B}.Debug|Any CPU.Build.0 = Debug|Any CPU
		{74CAD443-7F72-441D-A340-5F659C82BA9B}.Release|Any CPU.ActiveCfg = Release|Any CPU
		{74CAD443-7F72-441D-A340-5F659C82BA9B}.Release|Any CPU.Build.0 = Release|Any CPU
		{1DFB919A-6DD3-4F37-A1C4-5DA42400C74D}.Debug|Any CPU.ActiveCfg = Debug|Any CPU
		{1DFB919A-6DD3-4F37-A1C4-5DA42400C74D}.Debug|Any CPU.Build.0 = Debug|Any CPU
		{1DFB919A-6DD3-4F37-A1C4-5DA42400C74D}.Release|Any CPU.ActiveCfg = Release|Any CPU
		{1DFB919A-6DD3-4F37-A1C4-5DA42400C74D}.Release|Any CPU.Build.0 = Release|Any CPU
		{ED06D538-A93A-4C1E-8CCE-024392DBD179}.Debug|Any CPU.ActiveCfg = Debug|Any CPU
		{ED06D538-A93A-4C1E-8CCE-024392DBD179}.Debug|Any CPU.Build.0 = Debug|Any CPU
		{ED06D538-A93A-4C1E-8CCE-024392DBD179}.Release|Any CPU.ActiveCfg = Release|Any CPU
		{ED06D538-A93A-4C1E-8CCE-024392DBD179}.Release|Any CPU.Build.0 = Release|Any CPU
		{A2C55B67-29D4-4499-A8A7-56B6B751BBE0}.Debug|Any CPU.ActiveCfg = Debug|Any CPU
		{A2C55B67-29D4-4499-A8A7-56B6B751BBE0}.Debug|Any CPU.Build.0 = Debug|Any CPU
		{A2C55B67-29D4-4499-A8A7-56B6B751BBE0}.Release|Any CPU.ActiveCfg = Release|Any CPU
		{A2C55B67-29D4-4499-A8A7-56B6B751BBE0}.Release|Any CPU.Build.0 = Release|Any CPU
		{E9A6F7C7-FB71-4907-9671-AD6FD3E2C473}.Debug|Any CPU.ActiveCfg = Debug|Any CPU
		{E9A6F7C7-FB71-4907-9671-AD6FD3E2C473}.Debug|Any CPU.Build.0 = Debug|Any CPU
		{E9A6F7C7-FB71-4907-9671-AD6FD3E2C473}.Release|Any CPU.ActiveCfg = Release|Any CPU
		{E9A6F7C7-FB71-4907-9671-AD6FD3E2C473}.Release|Any CPU.Build.0 = Release|Any CPU
		{049F1B57-22DE-42E2-A648-B64B82BF6DF5}.Debug|Any CPU.ActiveCfg = Debug|Any CPU
		{049F1B57-22DE-42E2-A648-B64B82BF6DF5}.Debug|Any CPU.Build.0 = Debug|Any CPU
		{049F1B57-22DE-42E2-A648-B64B82BF6DF5}.Release|Any CPU.ActiveCfg = Release|Any CPU
		{049F1B57-22DE-42E2-A648-B64B82BF6DF5}.Release|Any CPU.Build.0 = Release|Any CPU
	EndGlobalSection
	GlobalSection(SolutionProperties) = preSolution
		HideSolutionNode = FALSE
	EndGlobalSection
	GlobalSection(ExtensibilityGlobals) = postSolution
		SolutionGuid = {05785C8F-797F-4CDD-9388-AC8BEE70F884}
	EndGlobalSection
EndGlobal
